
Microsoft Visual Studio Solution File, Format Version 12.00
# Visual Studio Version 17
VisualStudioVersion = 17.9.34607.119
MinimumVisualStudioVersion = 10.0.40219.1
Project("{FAE04EC0-301F-11D3-BF4B-00C04F79EFBC}") = "Articles", "Articles\Articles.csproj", "{42201236-52CA-43DB-84A6-203131AB07FC}"
EndProject
Global
	GlobalSection(SolutionConfigurationPlatforms) = preSolution
		Debug|Any CPU = Debug|Any CPU
		Release|Any CPU = Release|Any CPU
	EndGlobalSection
	GlobalSection(ProjectConfigurationPlatforms) = postSolution
		{42201236-52CA-43DB-84A6-203131AB07FC}.Debug|Any CPU.ActiveCfg = Debug|Any CPU
		{42201236-52CA-43DB-84A6-203131AB07FC}.Debug|Any CPU.Build.0 = Debug|Any CPU
		{42201236-52CA-43DB-84A6-203131AB07FC}.Release|Any CPU.ActiveCfg = Release|Any CPU
		{42201236-52CA-43DB-84A6-203131AB07FC}.Release|Any CPU.Build.0 = Release|Any CPU
	EndGlobalSection
	GlobalSection(SolutionProperties) = preSolution
		HideSolutionNode = FALSE
	EndGlobalSection
	GlobalSection(ExtensibilityGlobals) = postSolution
		SolutionGuid = {2C238C34-C3B9-4DD6-B4DD-42D7A95EBCA6}
	EndGlobalSection
EndGlobal
